// !$*UTF8*$!
{
	archiveVersion = 1;
	classes = {
	};
	objectVersion = 70;
	objects = {

/* Begin PBXBuildFile section */
		2FAD9763203C412B000D30F8 /* config.xml in Resources */ = {isa = PBXBuildFile; fileRef = 2FAD9762203C412B000D30F8 /* config.xml */; };
		50379B232058CBB4000EE86E /* capacitor.config.json in Resources */ = {isa = PBXBuildFile; fileRef = 50379B222058CBB4000EE86E /* capacitor.config.json */; };
		504EC3081FED79650016851F /* AppDelegate.swift in Sources */ = {isa = PBXBuildFile; fileRef = 504EC3071FED79650016851F /* AppDelegate.swift */; };
		504EC30D1FED79650016851F /* Main.storyboard in Resources */ = {isa = PBXBuildFile; fileRef = 504EC30B1FED79650016851F /* Main.storyboard */; };
		504EC30F1FED79650016851F /* Assets.xcassets in Resources */ = {isa = PBXBuildFile; fileRef = 504EC30E1FED79650016851F /* Assets.xcassets */; };
		504EC3121FED79650016851F /* LaunchScreen.storyboard in Resources */ = {isa = PBXBuildFile; fileRef = 504EC3101FED79650016851F /* LaunchScreen.storyboard */; };
		50B271D11FEDC1A000F3C39B /* public in Resources */ = {isa = PBXBuildFile; fileRef = 50B271D01FEDC1A000F3C39B /* public */; };
		8F28A92F2F3B5BB00050E33C /* Browser.swift in Sources */ = {isa = PBXBuildFile; fileRef = 8F28A92E2F3B5BB00050E33C /* Browser.swift */; };
		8F28A9312F3B5C100050E33C /* BrowserPlugin.swift in Sources */ = {isa = PBXBuildFile; fileRef = 8F28A9302F3B5C100050E33C /* BrowserPlugin.swift */; };
			8F28A9332F3B80650050E33C /* CameraPlugin.swift in Sources */ = {isa = PBXBuildFile; fileRef = 8F28A9322F3B80650050E33C /* CameraPlugin.swift */; };
			8F28A9352F3B824F0050E33C /* CameraExtensions.swift in Sources */ = {isa = PBXBuildFile; fileRef = 8F28A9342F3B824F0050E33C /* CameraExtensions.swift */; };
			8FFB44872F30D444009E5694 /* Capacitor in Frameworks */ = {isa = PBXBuildFile; productRef = 8FFB44862F30D444009E5694 /* Capacitor */; };
			8FFB44892F30D444009E5694 /* Cordova in Frameworks */ = {isa = PBXBuildFile; productRef = 8FFB44882F30D444009E5694 /* Cordova */; };
			8FFB448D2F30D666009E5694 /* SignInWithApplePlugin.swift in Sources */ = {isa = PBXBuildFile; fileRef = 8FFB448E2F30D666009E5694 /* SignInWithApplePlugin.swift */; };
			52E0E50758B641EEB17224E4 /* CameraTypes.swift in Sources */ = {isa = PBXBuildFile; fileRef = B63135411A774827AF67F709 /* CameraTypes.swift */; };
			E9548A5A70DC473E9997E8AC /* ImageSaver.swift in Sources */ = {isa = PBXBuildFile; fileRef = 5BC4E0650304481FBB853B28 /* ImageSaver.swift */; };
			E86D3B33329E49B5A31AF8F6 /* NativeSettingsPlugin.swift in Sources */ = {isa = PBXBuildFile; fileRef = 272F36B66B96479ABC6B0225 /* NativeSettingsPlugin.swift */; };
	/* End PBXBuildFile section */

/* Begin PBXCopyFilesBuildPhase section */
		8F020D492F2919DF0061254E /* Embed Frameworks */ = {
			isa = PBXCopyFilesBuildPhase;
			buildActionMask = 2147483647;
			dstPath = "";
			dstSubfolderSpec = 10;
			files = (
			);
			name = "Embed Frameworks";
			runOnlyForDeploymentPostprocessing = 0;
		};
		8F7DB4F72F27D20900FEA6E3 /* Embed Foundation Extensions */ = {
			isa = PBXCopyFilesBuildPhase;
			buildActionMask = 2147483647;
			dstPath = "";
			dstSubfolderSpec = 13;
			files = (
			);
			name = "Embed Foundation Extensions";
			runOnlyForDeploymentPostprocessing = 0;
		};
/* End PBXCopyFilesBuildPhase section */

/* Begin PBXFileReference section */
		2FAD9762203C412B000D30F8 /* config.xml */ = {isa = PBXFileReference; lastKnownFileType = text.xml; path = config.xml; sourceTree = "<group>"; };
		50379B222058CBB4000EE86E /* capacitor.config.json */ = {isa = PBXFileReference; fileEncoding = 4; lastKnownFileType = text.json; path = capacitor.config.json; sourceTree = "<group>"; };
		504EC3041FED79650016851F /* com.nexaescala.app.app */ = {isa = PBXFileReference; explicitFileType = wrapper.application; includeInIndex = 0; path = com.nexaescala.app.app; sourceTree = BUILT_PRODUCTS_DIR; };
		504EC3071FED79650016851F /* AppDelegate.swift */ = {isa = PBXFileReference; lastKnownFileType = sourcecode.swift; path = AppDelegate.swift; sourceTree = "<group>"; };
		504EC30C1FED79650016851F /* Base */ = {isa = PBXFileReference; lastKnownFileType = file.storyboard; name = Base; path = Base.lproj/Main.storyboard; sourceTree = "<group>"; };
		504EC30E1FED79650016851F /* Assets.xcassets */ = {isa = PBXFileReference; lastKnownFileType = folder.assetcatalog; path = Assets.xcassets; sourceTree = "<group>"; };
		504EC3111FED79650016851F /* Base */ = {isa = PBXFileReference; lastKnownFileType = file.storyboard; name = Base; path = Base.lproj/LaunchScreen.storyboard; sourceTree = "<group>"; };
		504EC3131FED79650016851F /* Info.plist */ = {isa = PBXFileReference; lastKnownFileType = text.plist.xml; path = Info.plist; sourceTree = "<group>"; };
		50B271D01FEDC1A000F3C39B /* public */ = {isa = PBXFileReference; lastKnownFileType = folder; path = public; sourceTree = "<group>"; };
		8F020D3A2F28EC5A0061254E /* com.nexaescala.appDebug.entitlements */ = {isa = PBXFileReference; lastKnownFileType = text.plist.entitlements; path = com.nexaescala.appDebug.entitlements; sourceTree = "<group>"; };
		8F020D562F29376A0061254E /* Podfile 2 */ = {isa = PBXFileReference; lastKnownFileType = text; path = "Podfile 2"; sourceTree = "<group>"; };
		8F020D6B2F2940FF0061254E /* Podfile 3 */ = {isa = PBXFileReference; lastKnownFileType = text; path = "Podfile 3"; sourceTree = "<group>"; };
		8F28A92E2F3B5BB00050E33C /* Browser.swift */ = {isa = PBXFileReference; lastKnownFileType = sourcecode.swift; path = Browser.swift; sourceTree = "<group>"; };
		8F28A9302F3B5C100050E33C /* BrowserPlugin.swift */ = {isa = PBXFileReference; lastKnownFileType = sourcecode.swift; path = BrowserPlugin.swift; sourceTree = "<group>"; };
			272F36B66B96479ABC6B0225 /* NativeSettingsPlugin.swift */ = {isa = PBXFileReference; lastKnownFileType = sourcecode.swift; path = NativeSettingsPlugin.swift; sourceTree = "<group>"; };
			5BC4E0650304481FBB853B28 /* ImageSaver.swift */ = {isa = PBXFileReference; lastKnownFileType = sourcecode.swift; path = CapacitorCameraPlugin/ImageSaver.swift; sourceTree = "<group>"; };
			8F28A9322F3B80650050E33C /* CameraPlugin.swift */ = {isa = PBXFileReference; lastKnownFileType = sourcecode.swift; path = CapacitorCameraPlugin/CameraPlugin.swift; sourceTree = "<group>"; };
			8F28A9342F3B824F0050E33C /* CameraExtensions.swift */ = {isa = PBXFileReference; lastKnownFileType = sourcecode.swift; path = CapacitorCameraPlugin/CameraExtensions.swift; sourceTree = "<group>"; };
			B63135411A774827AF67F709 /* CameraTypes.swift */ = {isa = PBXFileReference; lastKnownFileType = sourcecode.swift; path = CapacitorCameraPlugin/CameraTypes.swift; sourceTree = "<group>"; };
		8F7DB4E72F27D20800FEA6E3 /* AuthenticationServices.framework */ = {isa = PBXFileReference; lastKnownFileType = wrapper.framework; name = AuthenticationServices.framework; path = System/Library/Frameworks/AuthenticationServices.framework; sourceTree = SDKROOT; };
		8F7DB4F82F27D7DD00FEA6E3 /* App.entitlements */ = {isa = PBXFileReference; lastKnownFileType = text.plist.entitlements; path = App.entitlements; sourceTree = "<group>"; };
		8FFB448E2F30D666009E5694 /* SignInWithApplePlugin.swift */ = {isa = PBXFileReference; lastKnownFileType = sourcecode.swift; path = SignInWithApplePlugin.swift; sourceTree = "<group>"; };
/* End PBXFileReference section */

/* Begin PBXFileSystemSynchronizedRootGroup section */
		8F7DB4E92F27D20800FEA6E3 /* NexaEscala */ = {isa = PBXFileSystemSynchronizedRootGroup; explicitFileTypes = {}; explicitFolders = (); path = NexaEscala; sourceTree = "<group>"; };
/* End PBXFileSystemSynchronizedRootGroup section */

/* Begin PBXFrameworksBuildPhase section */
		504EC3011FED79650016851F /* Frameworks */ = {
			isa = PBXFrameworksBuildPhase;
			buildActionMask = 2147483647;
				files = (
					8FFB44872F30D444009E5694 /* Capacitor in Frameworks */,
					8FFB44892F30D444009E5694 /* Cordova in Frameworks */,
				);
			runOnlyForDeploymentPostprocessing = 0;
		};
/* End PBXFrameworksBuildPhase section */

/* Begin PBXGroup section */
			27E2DDA53C4D2A4D1A88CE4A /* Frameworks */ = {
				isa = PBXGroup;
				children = (
					8F7DB4E72F27D20800FEA6E3 /* AuthenticationServices.framework */,
				);
				name = Frameworks;
				sourceTree = "<group>";
			};
			504EC2FB1FED79650016851F = {
				isa = PBXGroup;
				children = (
					8F28A9302F3B5C100050E33C /* BrowserPlugin.swift */,
					8F28A92E2F3B5BB00050E33C /* Browser.swift */,
					272F36B66B96479ABC6B0225 /* NativeSettingsPlugin.swift */,
					8F28A9322F3B80650050E33C /* CameraPlugin.swift */,
					8F28A9342F3B824F0050E33C /* CameraExtensions.swift */,
					B63135411A774827AF67F709 /* CameraTypes.swift */,
					5BC4E0650304481FBB853B28 /* ImageSaver.swift */,
					8F020D3A2F28EC5A0061254E /* com.nexaescala.appDebug.entitlements */,
					504EC3061FED79650016851F /* App */,
					8F7DB4E92F27D20800FEA6E3 /* NexaEscala */,
					504EC3051FED79650016851F /* Products */,
				27E2DDA53C4D2A4D1A88CE4A /* Frameworks */,
				8F020D562F29376A0061254E /* Podfile 2 */,
				8F020D6B2F2940FF0061254E /* Podfile 3 */,
				D67B1496AD812C04E1257927 /* Pods */,
			);
			sourceTree = "<group>";
		};
		504EC3051FED79650016851F /* Products */ = {
			isa = PBXGroup;
			children = (
				504EC3041FED79650016851F /* com.nexaescala.app.app */,
			);
			name = Products;
			sourceTree = "<group>";
		};
		504EC3061FED79650016851F /* App */ = {
			isa = PBXGroup;
			children = (
				8F7DB4F82F27D7DD00FEA6E3 /* App.entitlements */,
				50379B222058CBB4000EE86E /* capacitor.config.json */,
				504EC3071FED79650016851F /* AppDelegate.swift */,
				8FFB448E2F30D666009E5694 /* SignInWithApplePlugin.swift */,
				504EC30B1FED79650016851F /* Main.storyboard */,
				504EC30E1FED79650016851F /* Assets.xcassets */,
				504EC3101FED79650016851F /* LaunchScreen.storyboard */,
				504EC3131FED79650016851F /* Info.plist */,
				2FAD9762203C412B000D30F8 /* config.xml */,
				50B271D01FEDC1A000F3C39B /* public */,
			);
			path = App;
			sourceTree = "<group>";
		};
		D67B1496AD812C04E1257927 /* Pods */ = {
			isa = PBXGroup;
			children = (
			);
			path = Pods;
			sourceTree = "<group>";
		};
/* End PBXGroup section */

/* Begin PBXNativeTarget section */
		504EC3031FED79650016851F /* com.nexaescala.app */ = {
			isa = PBXNativeTarget;
			buildConfigurationList = 504EC3161FED79650016851F /* Build configuration list for PBXNativeTarget "com.nexaescala.app" */;
			buildPhases = (
				504EC3001FED79650016851F /* Sources */,
				504EC3011FED79650016851F /* Frameworks */,
				504EC3021FED79650016851F /* Resources */,
				8F7DB4F72F27D20900FEA6E3 /* Embed Foundation Extensions */,
				8F020D492F2919DF0061254E /* Embed Frameworks */,
			);
			buildRules = (
			);
			dependencies = (
			);
			name = com.nexaescala.app;
			packageProductDependencies = (
				8FFB44862F30D444009E5694 /* Capacitor */,
				8FFB44882F30D444009E5694 /* Cordova */,
			);
			productName = App;
			productReference = 504EC3041FED79650016851F /* com.nexaescala.app.app */;
			productType = "com.apple.product-type.application";
		};
/* End PBXNativeTarget section */

/* Begin PBXProject section */
		504EC2FC1FED79650016851F /* Project object */ = {
			isa = PBXProject;
			attributes = {
				BuildIndependentTargetsInParallel = YES;
				LastSwiftUpdateCheck = 2620;
				LastUpgradeCheck = 2620;
				TargetAttributes = {
					504EC3031FED79650016851F = {
						CreatedOnToolsVersion = 9.2;
						LastSwiftMigration = 1100;
						ProvisioningStyle = Automatic;
					};
				};
			};
			buildConfigurationList = 504EC2FF1FED79650016851F /* Build configuration list for PBXProject "App" */;
			compatibilityVersion = "Xcode 15.0";
			developmentRegion = en;
			hasScannedForEncodings = 0;
			knownRegions = (
				en,
				Base,
			);
			mainGroup = 504EC2FB1FED79650016851F;
			packageReferences = (
				8FFB44852F30D444009E5694 /* XCRemoteSwiftPackageReference "capacitor-swift-pm" */,
			);
			productRefGroup = 504EC3051FED79650016851F /* Products */;
			projectDirPath = "";
			projectRoot = "";
			targets = (
				504EC3031FED79650016851F /* com.nexaescala.app */,
			);
		};
/* End PBXProject section */

/* Begin PBXResourcesBuildPhase section */
		504EC3021FED79650016851F /* Resources */ = {
			isa = PBXResourcesBuildPhase;
			buildActionMask = 2147483647;
			files = (
				504EC3121FED79650016851F /* LaunchScreen.storyboard in Resources */,
				50B271D11FEDC1A000F3C39B /* public in Resources */,
				504EC30F1FED79650016851F /* Assets.xcassets in Resources */,
				50379B232058CBB4000EE86E /* capacitor.config.json in Resources */,
				504EC30D1FED79650016851F /* Main.storyboard in Resources */,
				2FAD9763203C412B000D30F8 /* config.xml in Resources */,
			);
			runOnlyForDeploymentPostprocessing = 0;
		};
/* End PBXResourcesBuildPhase section */

/* Begin PBXSourcesBuildPhase section */
		504EC3001FED79650016851F /* Sources */ = {
			isa = PBXSourcesBuildPhase;
			buildActionMask = 2147483647;
				files = (
					504EC3081FED79650016851F /* AppDelegate.swift in Sources */,
					E86D3B33329E49B5A31AF8F6 /* NativeSettingsPlugin.swift in Sources */,
					8F28A9332F3B80650050E33C /* CameraPlugin.swift in Sources */,
					8F28A9352F3B824F0050E33C /* CameraExtensions.swift in Sources */,
					52E0E50758B641EEB17224E4 /* CameraTypes.swift in Sources */,
					E9548A5A70DC473E9997E8AC /* ImageSaver.swift in Sources */,
					8F28A9312F3B5C100050E33C /* BrowserPlugin.swift in Sources */,
					8FFB448D2F30D666009E5694 /* SignInWithApplePlugin.swift in Sources */,
					8F28A92F2F3B5BB00050E33C /* Browser.swift in Sources */,
				);
			runOnlyForDeploymentPostprocessing = 0;
		};
/* End PBXSourcesBuildPhase section */

/* Begin PBXVariantGroup section */
		504EC30B1FED79650016851F /* Main.storyboard */ = {
			isa = PBXVariantGroup;
			children = (
				504EC30C1FED79650016851F /* Base */,
			);
			name = Main.storyboard;
			sourceTree = "<group>";
		};
		504EC3101FED79650016851F /* LaunchScreen.storyboard */ = {
			isa = PBXVariantGroup;
			children = (
				504EC3111FED79650016851F /* Base */,
			);
			name = LaunchScreen.storyboard;
			sourceTree = "<group>";
		};
/* End PBXVariantGroup section */

/* Begin XCBuildConfiguration section */
		504EC3141FED79650016851F /* Debug */ = {
			isa = XCBuildConfiguration;
			buildSettings = {
				ALWAYS_SEARCH_USER_PATHS = NO;
				CLANG_ANALYZER_NONNULL = YES;
				CLANG_ANALYZER_NUMBER_OBJECT_CONVERSION = YES_AGGRESSIVE;
				CLANG_CXX_LANGUAGE_STANDARD = "gnu++14";
				CLANG_CXX_LIBRARY = "libc++";
				CLANG_ENABLE_MODULES = YES;
				CLANG_ENABLE_OBJC_ARC = YES;
				CLANG_WARN_BLOCK_CAPTURE_AUTORELEASING = YES;
				CLANG_WARN_BOOL_CONVERSION = YES;
				CLANG_WARN_COMMA = YES;
				CLANG_WARN_CONSTANT_CONVERSION = YES;
				CLANG_WARN_DEPRECATED_OBJC_IMPLEMENTATIONS = YES;
				CLANG_WARN_DIRECT_OBJC_ISA_USAGE = YES_ERROR;
				CLANG_WARN_DOCUMENTATION_COMMENTS = YES;
				CLANG_WARN_EMPTY_BODY = YES;
				CLANG_WARN_ENUM_CONVERSION = YES;
				CLANG_WARN_INFINITE_RECURSION = YES;
				CLANG_WARN_INT_CONVERSION = YES;
				CLANG_WARN_NON_LITERAL_NULL_CONVERSION = YES;
				CLANG_WARN_OBJC_IMPLICIT_RETAIN_SELF = YES;
				CLANG_WARN_OBJC_LITERAL_CONVERSION = YES;
				CLANG_WARN_OBJC_ROOT_CLASS = YES_ERROR;
				CLANG_WARN_QUOTED_INCLUDE_IN_FRAMEWORK_HEADER = NO;
				CLANG_WARN_RANGE_LOOP_ANALYSIS = YES;
				CLANG_WARN_STRICT_PROTOTYPES = YES;
				CLANG_WARN_SUSPICIOUS_MOVE = YES;
				CLANG_WARN_UNGUARDED_AVAILABILITY = YES_AGGRESSIVE;
				CLANG_WARN_UNREACHABLE_CODE = YES;
				CLANG_WARN__DUPLICATE_METHOD_MATCH = YES;
				CODE_SIGN_IDENTITY = "Apple Development: Ítalo Cangussu (SZ5N3Z8BLM)";
				COPY_PHASE_STRIP = NO;
				DEBUG_INFORMATION_FORMAT = dwarf;
				DEVELOPMENT_TEAM = SFR2B7K7B8;
				ENABLE_STRICT_OBJC_MSGSEND = YES;
				ENABLE_TESTABILITY = YES;
				ENABLE_USER_SCRIPT_SANDBOXING = NO;
				GCC_C_LANGUAGE_STANDARD = gnu11;
				GCC_DYNAMIC_NO_PIC = NO;
				GCC_NO_COMMON_BLOCKS = YES;
				GCC_OPTIMIZATION_LEVEL = 0;
				GCC_PREPROCESSOR_DEFINITIONS = (
					"DEBUG=1",
					"$(inherited)",
				);
				GCC_WARN_64_TO_32_BIT_CONVERSION = YES;
				GCC_WARN_ABOUT_RETURN_TYPE = YES_ERROR;
				GCC_WARN_UNDECLARED_SELECTOR = YES;
				GCC_WARN_UNINITIALIZED_AUTOS = YES_AGGRESSIVE;
				GCC_WARN_UNUSED_FUNCTION = YES;
				GCC_WARN_UNUSED_VARIABLE = YES;
				IPHONEOS_DEPLOYMENT_TARGET = 15.0;
				MTL_ENABLE_DEBUG_INFO = YES;
				ONLY_ACTIVE_ARCH = YES;
				SDKROOT = iphoneos;
				STRING_CATALOG_GENERATE_SYMBOLS = YES;
				SWIFT_ACTIVE_COMPILATION_CONDITIONS = DEBUG;
				SWIFT_OPTIMIZATION_LEVEL = "-Onone";
			};
			name = Debug;
		};
		504EC3151FED79650016851F /* Release */ = {
			isa = XCBuildConfiguration;
			buildSettings = {
				ALWAYS_SEARCH_USER_PATHS = NO;
				CLANG_ANALYZER_NONNULL = YES;
				CLANG_ANALYZER_NUMBER_OBJECT_CONVERSION = YES_AGGRESSIVE;
				CLANG_CXX_LANGUAGE_STANDARD = "gnu++14";
				CLANG_CXX_LIBRARY = "libc++";
				CLANG_ENABLE_MODULES = YES;
				CLANG_ENABLE_OBJC_ARC = YES;
				CLANG_WARN_BLOCK_CAPTURE_AUTORELEASING = YES;
				CLANG_WARN_BOOL_CONVERSION = YES;
				CLANG_WARN_COMMA = YES;
				CLANG_WARN_CONSTANT_CONVERSION = YES;
				CLANG_WARN_DEPRECATED_OBJC_IMPLEMENTATIONS = YES;
				CLANG_WARN_DIRECT_OBJC_ISA_USAGE = YES_ERROR;
				CLANG_WARN_DOCUMENTATION_COMMENTS = YES;
				CLANG_WARN_EMPTY_BODY = YES;
				CLANG_WARN_ENUM_CONVERSION = YES;
				CLANG_WARN_INFINITE_RECURSION = YES;
				CLANG_WARN_INT_CONVERSION = YES;
				CLANG_WARN_NON_LITERAL_NULL_CONVERSION = YES;
				CLANG_WARN_OBJC_IMPLICIT_RETAIN_SELF = YES;
				CLANG_WARN_OBJC_LITERAL_CONVERSION = YES;
				CLANG_WARN_OBJC_ROOT_CLASS = YES_ERROR;
				CLANG_WARN_QUOTED_INCLUDE_IN_FRAMEWORK_HEADER = NO;
				CLANG_WARN_RANGE_LOOP_ANALYSIS = YES;
				CLANG_WARN_STRICT_PROTOTYPES = YES;
				CLANG_WARN_SUSPICIOUS_MOVE = YES;
				CLANG_WARN_UNGUARDED_AVAILABILITY = YES_AGGRESSIVE;
				CLANG_WARN_UNREACHABLE_CODE = YES;
				CLANG_WARN__DUPLICATE_METHOD_MATCH = YES;
				CODE_SIGN_IDENTITY = "Apple Development: Ítalo Cangussu (SZ5N3Z8BLM)";
				COPY_PHASE_STRIP = NO;
				DEBUG_INFORMATION_FORMAT = "dwarf-with-dsym";
				DEVELOPMENT_TEAM = SFR2B7K7B8;
				ENABLE_NS_ASSERTIONS = NO;
				ENABLE_STRICT_OBJC_MSGSEND = YES;
				ENABLE_USER_SCRIPT_SANDBOXING = NO;
				GCC_C_LANGUAGE_STANDARD = gnu11;
				GCC_NO_COMMON_BLOCKS = YES;
				GCC_WARN_64_TO_32_BIT_CONVERSION = YES;
				GCC_WARN_ABOUT_RETURN_TYPE = YES_ERROR;
				GCC_WARN_UNDECLARED_SELECTOR = YES;
				GCC_WARN_UNINITIALIZED_AUTOS = YES_AGGRESSIVE;
				GCC_WARN_UNUSED_FUNCTION = YES;
				GCC_WARN_UNUSED_VARIABLE = YES;
				IPHONEOS_DEPLOYMENT_TARGET = 15.0;
				MTL_ENABLE_DEBUG_INFO = NO;
				SDKROOT = iphoneos;
				STRING_CATALOG_GENERATE_SYMBOLS = YES;
				SWIFT_COMPILATION_MODE = wholemodule;
				SWIFT_OPTIMIZATION_LEVEL = "-O";
				VALIDATE_PRODUCT = YES;
			};
			name = Release;
		};
		504EC3171FED79650016851F /* Debug */ = {
			isa = XCBuildConfiguration;
			buildSettings = {
				ASSETCATALOG_COMPILER_APPICON_NAME = AppIcon;
				CODE_SIGN_ENTITLEMENTS = com.nexaescala.appDebug.entitlements;
				CODE_SIGN_IDENTITY = "Apple Development";
				CODE_SIGN_STYLE = Automatic;
				CURRENT_PROJECT_VERSION = 3;
				INFOPLIST_FILE = App/Info.plist;
				INFOPLIST_KEY_CFBundleDisplayName = NexaEscala;
				INFOPLIST_KEY_LSApplicationCategoryType = "public.app-category.medical";
				IPHONEOS_DEPLOYMENT_TARGET = 15.0;
				LD_RUNPATH_SEARCH_PATHS = (
					"$(inherited)",
					"@executable_path/Frameworks",
				);
				MARKETING_VERSION = 1.0.0;
				OTHER_SWIFT_FLAGS = "$(inherited) \"-D\" \"COCOAPODS\" \"-DDEBUG\"";
				PRODUCT_BUNDLE_IDENTIFIER = com.nexaescala.app;
				PRODUCT_NAME = "$(TARGET_NAME)";
				SWIFT_ACTIVE_COMPILATION_CONDITIONS = DEBUG;
				SWIFT_VERSION = 5.0;
				TARGETED_DEVICE_FAMILY = "1,2";
			};
			name = Debug;
		};
		504EC3181FED79650016851F /* Release */ = {
			isa = XCBuildConfiguration;
			buildSettings = {
				ASSETCATALOG_COMPILER_APPICON_NAME = AppIcon;
				CODE_SIGN_ENTITLEMENTS = App/App.entitlements;
				CODE_SIGN_IDENTITY = "Apple Development";
				CODE_SIGN_STYLE = Automatic;
				CURRENT_PROJECT_VERSION = 3;
				INFOPLIST_FILE = App/Info.plist;
				INFOPLIST_KEY_CFBundleDisplayName = NexaEscala;
				INFOPLIST_KEY_LSApplicationCategoryType = "public.app-category.medical";
				IPHONEOS_DEPLOYMENT_TARGET = 15.0;
				LD_RUNPATH_SEARCH_PATHS = (
					"$(inherited)",
					"@executable_path/Frameworks",
				);
				MARKETING_VERSION = 1.0.0;
				PRODUCT_BUNDLE_IDENTIFIER = com.nexaescala.app;
				PRODUCT_NAME = "$(TARGET_NAME)";
				SWIFT_ACTIVE_COMPILATION_CONDITIONS = "";
				SWIFT_VERSION = 5.0;
				TARGETED_DEVICE_FAMILY = "1,2";
			};
			name = Release;
		};
/* End XCBuildConfiguration section */

/* Begin XCConfigurationList section */
		504EC2FF1FED79650016851F /* Build configuration list for PBXProject "App" */ = {
			isa = XCConfigurationList;
			buildConfigurations = (
				504EC3141FED79650016851F /* Debug */,
				504EC3151FED79650016851F /* Release */,
			);
			defaultConfigurationIsVisible = 0;
			defaultConfigurationName = Release;
		};
		504EC3161FED79650016851F /* Build configuration list for PBXNativeTarget "com.nexaescala.app" */ = {
			isa = XCConfigurationList;
			buildConfigurations = (
				504EC3171FED79650016851F /* Debug */,
				504EC3181FED79650016851F /* Release */,
			);
			defaultConfigurationIsVisible = 0;
			defaultConfigurationName = Release;
		};
/* End XCConfigurationList section */

/* Begin XCRemoteSwiftPackageReference section */
		8FFB44852F30D444009E5694 /* XCRemoteSwiftPackageReference "capacitor-swift-pm" */ = {
			isa = XCRemoteSwiftPackageReference;
			repositoryURL = "https://github.com/ionic-team/capacitor-swift-pm.git";
			requirement = {
				kind = upToNextMajorVersion;
				minimumVersion = 8.0.0;
			};
		};
/* End XCRemoteSwiftPackageReference section */

/* Begin XCSwiftPackageProductDependency section */
		8FFB44862F30D444009E5694 /* Capacitor */ = {
			isa = XCSwiftPackageProductDependency;
			package = 8FFB44852F30D444009E5694 /* XCRemoteSwiftPackageReference "capacitor-swift-pm" */;
			productName = Capacitor;
		};
		8FFB44882F30D444009E5694 /* Cordova */ = {
			isa = XCSwiftPackageProductDependency;
			package = 8FFB44852F30D444009E5694 /* XCRemoteSwiftPackageReference "capacitor-swift-pm" */;
			productName = Cordova;
		};
/* End XCSwiftPackageProductDependency section */
	};
	rootObject = 504EC2FC1FED79650016851F /* Project object */;
}
