PODS:
  - Capacitor (8.0.1):
    - CapacitorCordova
  - CapacitorCordova (8.0.1)
  - CapacitorPushNotifications (8.0.0):
    - Capacitor

DEPENDENCIES:
  - "Capacitor (from `../../node_modules/@capacitor/ios`)"
  - "CapacitorCordova (from `../../node_modules/@capacitor/ios`)"
  - "CapacitorPushNotifications (from `../../node_modules/@capacitor/push-notifications`)"

EXTERNAL SOURCES:
  Capacitor:
    :path: "../../node_modules/@capacitor/ios"
  CapacitorCordova:
    :path: "../../node_modules/@capacitor/ios"
  CapacitorPushNotifications:
    :path: "../../node_modules/@capacitor/push-notifications"

SPEC CHECKSUMS:
  Capacitor: ff35b0f66370b84aa238251b35b91886a3207c16
  CapacitorCordova: 0d65b9bb74e995dcecb9463f34f1af2aba6f955c
  CapacitorPushNotifications: 722c1528eabbefd355f47e373a4c6235d01e85e9

PODFILE CHECKSUM: 8c5afddc8e3daab5c963029a6b93da6fb7691b7c

COCOAPODS: 1.16.2
